// !$*UTF8*$!
{
	archiveVersion = 1;
	classes = {
	};
	objectVersion = 56;
	objects = {

/* Begin PBXBuildFile section */
		BA890D0A2C4BAA2C00C6D2E6 /* FinanceManagerApp.swift in Sources */ = {isa = PBXBuildFile; fileRef = BA890D092C4BAA2C00C6D2E6 /* FinanceManagerApp.swift */; };
		BA890D0E2C4BAA2D00C6D2E6 /* Assets.xcassets in Resources */ = {isa = PBXBuildFile; fileRef = BA890D0D2C4BAA2D00C6D2E6 /* Assets.xcassets */; };
		BA890D112C4BAA2D00C6D2E6 /* Preview Assets.xcassets in Resources */ = {isa = PBXBuildFile; fileRef = BA890D102C4BAA2D00C6D2E6 /* Preview Assets.xcassets */; };
		BA890D1B2C4BAA2D00C6D2E6 /* FinanceManagerTests.swift in Sources */ = {isa = PBXBuildFile; fileRef = BA890D1A2C4BAA2D00C6D2E6 /* FinanceManagerTests.swift */; };
		BA890D252C4BAA2D00C6D2E6 /* FinanceManagerUITests.swift in Sources */ = {isa = PBXBuildFile; fileRef = BA890D242C4BAA2D00C6D2E6 /* FinanceManagerUITests.swift */; };
		BA890D272C4BAA2D00C6D2E6 /* FinanceManagerUITestsLaunchTests.swift in Sources */ = {isa = PBXBuildFile; fileRef = BA890D262C4BAA2D00C6D2E6 /* FinanceManagerUITestsLaunchTests.swift */; };
		BA890D342C4BB1B000C6D2E6 /* GoogleService-Info.plist in Resources */ = {isa = PBXBuildFile; fileRef = BA890D332C4BB1B000C6D2E6 /* GoogleService-Info.plist */; };
		BA890D372C4BB33600C6D2E6 /* FirebaseAnalytics in Frameworks */ = {isa = PBXBuildFile; productRef = BA890D362C4BB33600C6D2E6 /* FirebaseAnalytics */; };
		BA890D392C4BB33600C6D2E6 /* FirebaseAuth in Frameworks */ = {isa = PBXBuildFile; productRef = BA890D382C4BB33600C6D2E6 /* FirebaseAuth */; };
		BA890D3B2C4BB33600C6D2E6 /* FirebaseCrashlytics in Frameworks */ = {isa = PBXBuildFile; productRef = BA890D3A2C4BB33600C6D2E6 /* FirebaseCrashlytics */; };
		BA890D3D2C4BB33600C6D2E6 /* FirebaseFirestore in Frameworks */ = {isa = PBXBuildFile; productRef = BA890D3C2C4BB33600C6D2E6 /* FirebaseFirestore */; };
		BA890D3F2C4BB37900C6D2E6 /* AppDelegate.swift in Sources */ = {isa = PBXBuildFile; fileRef = BA890D3E2C4BB37900C6D2E6 /* AppDelegate.swift */; };
		BA890D432C4BB5A400C6D2E6 /* AuthorizationView.swift in Sources */ = {isa = PBXBuildFile; fileRef = BA890D422C4BB5A400C6D2E6 /* AuthorizationView.swift */; };
		BA890D462C4BB68E00C6D2E6 /* RegistrationView.swift in Sources */ = {isa = PBXBuildFile; fileRef = BA890D452C4BB68E00C6D2E6 /* RegistrationView.swift */; };
		BAB8243F2C4BDE40000BF31A /* LoginModel.swift in Sources */ = {isa = PBXBuildFile; fileRef = BAB8243E2C4BDE40000BF31A /* LoginModel.swift */; };
		BAB824422C4BDE51000BF31A /* AccountService.swift in Sources */ = {isa = PBXBuildFile; fileRef = BAB824412C4BDE51000BF31A /* AccountService.swift */; };
		BAB824472C4BEF78000BF31A /* AuthStatus.swift in Sources */ = {isa = PBXBuildFile; fileRef = BAB824462C4BEF78000BF31A /* AuthStatus.swift */; };
		BAB8244A2C4BF27E000BF31A /* AccountState.swift in Sources */ = {isa = PBXBuildFile; fileRef = BAB824492C4BF27E000BF31A /* AccountState.swift */; };
		BAB8244C2C4BF86A000BF31A /* RegisterModel.swift in Sources */ = {isa = PBXBuildFile; fileRef = BAB8244B2C4BF86A000BF31A /* RegisterModel.swift */; };
		BAB8244E2C4BFB6A000BF31A /* MainView.swift in Sources */ = {isa = PBXBuildFile; fileRef = BAB8244D2C4BFB6A000BF31A /* MainView.swift */; };
		BAB824502C4C4596000BF31A /* LoginView.swift in Sources */ = {isa = PBXBuildFile; fileRef = BAB8244F2C4C4596000BF31A /* LoginView.swift */; };
/* End PBXBuildFile section */

/* Begin PBXContainerItemProxy section */
		BA890D172C4BAA2D00C6D2E6 /* PBXContainerItemProxy */ = {
			isa = PBXContainerItemProxy;
			containerPortal = BA890CFE2C4BAA2C00C6D2E6 /* Project object */;
			proxyType = 1;
			remoteGlobalIDString = BA890D052C4BAA2C00C6D2E6;
			remoteInfo = FinanceManager;
		};
		BA890D212C4BAA2D00C6D2E6 /* PBXContainerItemProxy */ = {
			isa = PBXContainerItemProxy;
			containerPortal = BA890CFE2C4BAA2C00C6D2E6 /* Project object */;
			proxyType = 1;
			remoteGlobalIDString = BA890D052C4BAA2C00C6D2E6;
			remoteInfo = FinanceManager;
		};
/* End PBXContainerItemProxy section */

/* Begin PBXFileReference section */
		BA890D062C4BAA2C00C6D2E6 /* FinanceManager.app */ = {isa = PBXFileReference; explicitFileType = wrapper.application; includeInIndex = 0; path = FinanceManager.app; sourceTree = BUILT_PRODUCTS_DIR; };
		BA890D092C4BAA2C00C6D2E6 /* FinanceManagerApp.swift */ = {isa = PBXFileReference; lastKnownFileType = sourcecode.swift; path = FinanceManagerApp.swift; sourceTree = "<group>"; };
		BA890D0D2C4BAA2D00C6D2E6 /* Assets.xcassets */ = {isa = PBXFileReference; lastKnownFileType = folder.assetcatalog; path = Assets.xcassets; sourceTree = "<group>"; };
		BA890D102C4BAA2D00C6D2E6 /* Preview Assets.xcassets */ = {isa = PBXFileReference; lastKnownFileType = folder.assetcatalog; path = "Preview Assets.xcassets"; sourceTree = "<group>"; };
		BA890D162C4BAA2D00C6D2E6 /* FinanceManagerTests.xctest */ = {isa = PBXFileReference; explicitFileType = wrapper.cfbundle; includeInIndex = 0; path = FinanceManagerTests.xctest; sourceTree = BUILT_PRODUCTS_DIR; };
		BA890D1A2C4BAA2D00C6D2E6 /* FinanceManagerTests.swift */ = {isa = PBXFileReference; lastKnownFileType = sourcecode.swift; path = FinanceManagerTests.swift; sourceTree = "<group>"; };
		BA890D202C4BAA2D00C6D2E6 /* FinanceManagerUITests.xctest */ = {isa = PBXFileReference; explicitFileType = wrapper.cfbundle; includeInIndex = 0; path = FinanceManagerUITests.xctest; sourceTree = BUILT_PRODUCTS_DIR; };
		BA890D242C4BAA2D00C6D2E6 /* FinanceManagerUITests.swift */ = {isa = PBXFileReference; lastKnownFileType = sourcecode.swift; path = FinanceManagerUITests.swift; sourceTree = "<group>"; };
		BA890D262C4BAA2D00C6D2E6 /* FinanceManagerUITestsLaunchTests.swift */ = {isa = PBXFileReference; lastKnownFileType = sourcecode.swift; path = FinanceManagerUITestsLaunchTests.swift; sourceTree = "<group>"; };
		BA890D332C4BB1B000C6D2E6 /* GoogleService-Info.plist */ = {isa = PBXFileReference; fileEncoding = 4; lastKnownFileType = text.plist.xml; path = "GoogleService-Info.plist"; sourceTree = "<group>"; };
		BA890D3E2C4BB37900C6D2E6 /* AppDelegate.swift */ = {isa = PBXFileReference; lastKnownFileType = sourcecode.swift; path = AppDelegate.swift; sourceTree = "<group>"; };
		BA890D422C4BB5A400C6D2E6 /* AuthorizationView.swift */ = {isa = PBXFileReference; lastKnownFileType = sourcecode.swift; path = AuthorizationView.swift; sourceTree = "<group>"; };
		BA890D452C4BB68E00C6D2E6 /* RegistrationView.swift */ = {isa = PBXFileReference; lastKnownFileType = sourcecode.swift; path = RegistrationView.swift; sourceTree = "<group>"; };
		BAB8243E2C4BDE40000BF31A /* LoginModel.swift */ = {isa = PBXFileReference; lastKnownFileType = sourcecode.swift; path = LoginModel.swift; sourceTree = "<group>"; };
		BAB824412C4BDE51000BF31A /* AccountService.swift */ = {isa = PBXFileReference; lastKnownFileType = sourcecode.swift; path = AccountService.swift; sourceTree = "<group>"; };
		BAB824462C4BEF78000BF31A /* AuthStatus.swift */ = {isa = PBXFileReference; lastKnownFileType = sourcecode.swift; path = AuthStatus.swift; sourceTree = "<group>"; };
		BAB824492C4BF27E000BF31A /* AccountState.swift */ = {isa = PBXFileReference; lastKnownFileType = sourcecode.swift; path = AccountState.swift; sourceTree = "<group>"; };
		BAB8244B2C4BF86A000BF31A /* RegisterModel.swift */ = {isa = PBXFileReference; lastKnownFileType = sourcecode.swift; path = RegisterModel.swift; sourceTree = "<group>"; };
		BAB8244D2C4BFB6A000BF31A /* MainView.swift */ = {isa = PBXFileReference; lastKnownFileType = sourcecode.swift; path = MainView.swift; sourceTree = "<group>"; };
		BAB8244F2C4C4596000BF31A /* LoginView.swift */ = {isa = PBXFileReference; lastKnownFileType = sourcecode.swift; path = LoginView.swift; sourceTree = "<group>"; };
/* End PBXFileReference section */

/* Begin PBXFrameworksBuildPhase section */
		BA890D032C4BAA2C00C6D2E6 /* Frameworks */ = {
			isa = PBXFrameworksBuildPhase;
			buildActionMask = 2147483647;
			files = (
				BA890D3B2C4BB33600C6D2E6 /* FirebaseCrashlytics in Frameworks */,
				BA890D3D2C4BB33600C6D2E6 /* FirebaseFirestore in Frameworks */,
				BA890D372C4BB33600C6D2E6 /* FirebaseAnalytics in Frameworks */,
				BA890D392C4BB33600C6D2E6 /* FirebaseAuth in Frameworks */,
			);
			runOnlyForDeploymentPostprocessing = 0;
		};
		BA890D132C4BAA2D00C6D2E6 /* Frameworks */ = {
			isa = PBXFrameworksBuildPhase;
			buildActionMask = 2147483647;
			files = (
			);
			runOnlyForDeploymentPostprocessing = 0;
		};
		BA890D1D2C4BAA2D00C6D2E6 /* Frameworks */ = {
			isa = PBXFrameworksBuildPhase;
			buildActionMask = 2147483647;
			files = (
			);
			runOnlyForDeploymentPostprocessing = 0;
		};
/* End PBXFrameworksBuildPhase section */

/* Begin PBXGroup section */
		BA890CFD2C4BAA2C00C6D2E6 = {
			isa = PBXGroup;
			children = (
				BA890D082C4BAA2C00C6D2E6 /* FinanceManager */,
				BA890D192C4BAA2D00C6D2E6 /* FinanceManagerTests */,
				BA890D232C4BAA2D00C6D2E6 /* FinanceManagerUITests */,
				BA890D072C4BAA2C00C6D2E6 /* Products */,
			);
			sourceTree = "<group>";
		};
		BA890D072C4BAA2C00C6D2E6 /* Products */ = {
			isa = PBXGroup;
			children = (
				BA890D062C4BAA2C00C6D2E6 /* FinanceManager.app */,
				BA890D162C4BAA2D00C6D2E6 /* FinanceManagerTests.xctest */,
				BA890D202C4BAA2D00C6D2E6 /* FinanceManagerUITests.xctest */,
			);
			name = Products;
			sourceTree = "<group>";
		};
		BA890D082C4BAA2C00C6D2E6 /* FinanceManager */ = {
			isa = PBXGroup;
			children = (
				BAB8243B2C4BDE07000BF31A /* Shared */,
				BA890D412C4BB59100C6D2E6 /* Main */,
				BA890D402C4BB56B00C6D2E6 /* Authorization */,
				BA890D332C4BB1B000C6D2E6 /* GoogleService-Info.plist */,
				BA890D092C4BAA2C00C6D2E6 /* FinanceManagerApp.swift */,
				BA890D0D2C4BAA2D00C6D2E6 /* Assets.xcassets */,
				BA890D0F2C4BAA2D00C6D2E6 /* Preview Content */,
				BA890D3E2C4BB37900C6D2E6 /* AppDelegate.swift */,
			);
			path = FinanceManager;
			sourceTree = "<group>";
		};
		BA890D0F2C4BAA2D00C6D2E6 /* Preview Content */ = {
			isa = PBXGroup;
			children = (
				BA890D102C4BAA2D00C6D2E6 /* Preview Assets.xcassets */,
			);
			path = "Preview Content";
			sourceTree = "<group>";
		};
		BA890D192C4BAA2D00C6D2E6 /* FinanceManagerTests */ = {
			isa = PBXGroup;
			children = (
				BA890D1A2C4BAA2D00C6D2E6 /* FinanceManagerTests.swift */,
			);
			path = FinanceManagerTests;
			sourceTree = "<group>";
		};
		BA890D232C4BAA2D00C6D2E6 /* FinanceManagerUITests */ = {
			isa = PBXGroup;
			children = (
				BA890D242C4BAA2D00C6D2E6 /* FinanceManagerUITests.swift */,
				BA890D262C4BAA2D00C6D2E6 /* FinanceManagerUITestsLaunchTests.swift */,
			);
			path = FinanceManagerUITests;
			sourceTree = "<group>";
		};
		BA890D402C4BB56B00C6D2E6 /* Authorization */ = {
			isa = PBXGroup;
			children = (
				BAB824522C4C45D7000BF31A /* Views */,
				BA890D422C4BB5A400C6D2E6 /* AuthorizationView.swift */,
			);
			path = Authorization;
			sourceTree = "<group>";
		};
		BA890D412C4BB59100C6D2E6 /* Main */ = {
			isa = PBXGroup;
			children = (
				BAB8244D2C4BFB6A000BF31A /* MainView.swift */,
			);
			path = Main;
			sourceTree = "<group>";
		};
		BAB8243B2C4BDE07000BF31A /* Shared */ = {
			isa = PBXGroup;
			children = (
				BAB8243C2C4BDE10000BF31A /* Account */,
			);
			path = Shared;
			sourceTree = "<group>";
		};
		BAB8243C2C4BDE10000BF31A /* Account */ = {
			isa = PBXGroup;
			children = (
				BAB824482C4BF139000BF31A /* State */,
				BAB824402C4BDE43000BF31A /* Services */,
				BAB8243D2C4BDE33000BF31A /* Models */,
			);
			path = Account;
			sourceTree = "<group>";
		};
		BAB8243D2C4BDE33000BF31A /* Models */ = {
			isa = PBXGroup;
			children = (
				BAB8243E2C4BDE40000BF31A /* LoginModel.swift */,
				BAB824462C4BEF78000BF31A /* AuthStatus.swift */,
				BAB8244B2C4BF86A000BF31A /* RegisterModel.swift */,
			);
			path = Models;
			sourceTree = "<group>";
		};
		BAB824402C4BDE43000BF31A /* Services */ = {
			isa = PBXGroup;
			children = (
				BAB824412C4BDE51000BF31A /* AccountService.swift */,
			);
			path = Services;
			sourceTree = "<group>";
		};
		BAB824482C4BF139000BF31A /* State */ = {
			isa = PBXGroup;
			children = (
				BAB824492C4BF27E000BF31A /* AccountState.swift */,
			);
			path = State;
			sourceTree = "<group>";
		};
		BAB824522C4C45D7000BF31A /* Views */ = {
			isa = PBXGroup;
			children = (
				BAB8244F2C4C4596000BF31A /* LoginView.swift */,
				BA890D452C4BB68E00C6D2E6 /* RegistrationView.swift */,
			);
			path = Views;
			sourceTree = "<group>";
		};
/* End PBXGroup section */

/* Begin PBXNativeTarget section */
		BA890D052C4BAA2C00C6D2E6 /* FinanceManager */ = {
			isa = PBXNativeTarget;
			buildConfigurationList = BA890D2A2C4BAA2D00C6D2E6 /* Build configuration list for PBXNativeTarget "FinanceManager" */;
			buildPhases = (
				BA890D022C4BAA2C00C6D2E6 /* Sources */,
				BA890D032C4BAA2C00C6D2E6 /* Frameworks */,
				BA890D042C4BAA2C00C6D2E6 /* Resources */,
			);
			buildRules = (
			);
			dependencies = (
			);
			name = FinanceManager;
			packageProductDependencies = (
				BA890D362C4BB33600C6D2E6 /* FirebaseAnalytics */,
				BA890D382C4BB33600C6D2E6 /* FirebaseAuth */,
				BA890D3A2C4BB33600C6D2E6 /* FirebaseCrashlytics */,
				BA890D3C2C4BB33600C6D2E6 /* FirebaseFirestore */,
			);
			productName = FinanceManager;
			productReference = BA890D062C4BAA2C00C6D2E6 /* FinanceManager.app */;
			productType = "com.apple.product-type.application";
		};
		BA890D152C4BAA2D00C6D2E6 /* FinanceManagerTests */ = {
			isa = PBXNativeTarget;
			buildConfigurationList = BA890D2D2C4BAA2D00C6D2E6 /* Build configuration list for PBXNativeTarget "FinanceManagerTests" */;
			buildPhases = (
				BA890D122C4BAA2D00C6D2E6 /* Sources */,
				BA890D132C4BAA2D00C6D2E6 /* Frameworks */,
				BA890D142C4BAA2D00C6D2E6 /* Resources */,
			);
			buildRules = (
			);
			dependencies = (
				BA890D182C4BAA2D00C6D2E6 /* PBXTargetDependency */,
			);
			name = FinanceManagerTests;
			productName = FinanceManagerTests;
			productReference = BA890D162C4BAA2D00C6D2E6 /* FinanceManagerTests.xctest */;
			productType = "com.apple.product-type.bundle.unit-test";
		};
		BA890D1F2C4BAA2D00C6D2E6 /* FinanceManagerUITests */ = {
			isa = PBXNativeTarget;
			buildConfigurationList = BA890D302C4BAA2D00C6D2E6 /* Build configuration list for PBXNativeTarget "FinanceManagerUITests" */;
			buildPhases = (
				BA890D1C2C4BAA2D00C6D2E6 /* Sources */,
				BA890D1D2C4BAA2D00C6D2E6 /* Frameworks */,
				BA890D1E2C4BAA2D00C6D2E6 /* Resources */,
			);
			buildRules = (
			);
			dependencies = (
				BA890D222C4BAA2D00C6D2E6 /* PBXTargetDependency */,
			);
			name = FinanceManagerUITests;
			productName = FinanceManagerUITests;
			productReference = BA890D202C4BAA2D00C6D2E6 /* FinanceManagerUITests.xctest */;
			productType = "com.apple.product-type.bundle.ui-testing";
		};
/* End PBXNativeTarget section */

/* Begin PBXProject section */
		BA890CFE2C4BAA2C00C6D2E6 /* Project object */ = {
			isa = PBXProject;
			attributes = {
				BuildIndependentTargetsInParallel = 1;
				LastSwiftUpdateCheck = 1540;
				LastUpgradeCheck = 1540;
				TargetAttributes = {
					BA890D052C4BAA2C00C6D2E6 = {
						CreatedOnToolsVersion = 15.4;
					};
					BA890D152C4BAA2D00C6D2E6 = {
						CreatedOnToolsVersion = 15.4;
						TestTargetID = BA890D052C4BAA2C00C6D2E6;
					};
					BA890D1F2C4BAA2D00C6D2E6 = {
						CreatedOnToolsVersion = 15.4;
						TestTargetID = BA890D052C4BAA2C00C6D2E6;
					};
				};
			};
			buildConfigurationList = BA890D012C4BAA2C00C6D2E6 /* Build configuration list for PBXProject "FinanceManager" */;
			compatibilityVersion = "Xcode 14.0";
			developmentRegion = en;
			hasScannedForEncodings = 0;
			knownRegions = (
				en,
				Base,
			);
			mainGroup = BA890CFD2C4BAA2C00C6D2E6;
			packageReferences = (
				BA890D352C4BB33600C6D2E6 /* XCRemoteSwiftPackageReference "firebase-ios-sdk" */,
			);
			productRefGroup = BA890D072C4BAA2C00C6D2E6 /* Products */;
			projectDirPath = "";
			projectRoot = "";
			targets = (
				BA890D052C4BAA2C00C6D2E6 /* FinanceManager */,
				BA890D152C4BAA2D00C6D2E6 /* FinanceManagerTests */,
				BA890D1F2C4BAA2D00C6D2E6 /* FinanceManagerUITests */,
			);
		};
/* End PBXProject section */

/* Begin PBXResourcesBuildPhase section */
		BA890D042C4BAA2C00C6D2E6 /* Resources */ = {
			isa = PBXResourcesBuildPhase;
			buildActionMask = 2147483647;
			files = (
				BA890D112C4BAA2D00C6D2E6 /* Preview Assets.xcassets in Resources */,
				BA890D0E2C4BAA2D00C6D2E6 /* Assets.xcassets in Resources */,
				BA890D342C4BB1B000C6D2E6 /* GoogleService-Info.plist in Resources */,
			);
			runOnlyForDeploymentPostprocessing = 0;
		};
		BA890D142C4BAA2D00C6D2E6 /* Resources */ = {
			isa = PBXResourcesBuildPhase;
			buildActionMask = 2147483647;
			files = (
			);
			runOnlyForDeploymentPostprocessing = 0;
		};
		BA890D1E2C4BAA2D00C6D2E6 /* Resources */ = {
			isa = PBXResourcesBuildPhase;
			buildActionMask = 2147483647;
			files = (
			);
			runOnlyForDeploymentPostprocessing = 0;
		};
/* End PBXResourcesBuildPhase section */

/* Begin PBXSourcesBuildPhase section */
		BA890D022C4BAA2C00C6D2E6 /* Sources */ = {
			isa = PBXSourcesBuildPhase;
			buildActionMask = 2147483647;
			files = (
				BAB8243F2C4BDE40000BF31A /* LoginModel.swift in Sources */,
				BA890D3F2C4BB37900C6D2E6 /* AppDelegate.swift in Sources */,
				BA890D432C4BB5A400C6D2E6 /* AuthorizationView.swift in Sources */,
				BAB8244E2C4BFB6A000BF31A /* MainView.swift in Sources */,
				BAB8244A2C4BF27E000BF31A /* AccountState.swift in Sources */,
				BAB824472C4BEF78000BF31A /* AuthStatus.swift in Sources */,
				BAB824422C4BDE51000BF31A /* AccountService.swift in Sources */,
				BA890D0A2C4BAA2C00C6D2E6 /* FinanceManagerApp.swift in Sources */,
				BAB824502C4C4596000BF31A /* LoginView.swift in Sources */,
				BA890D462C4BB68E00C6D2E6 /* RegistrationView.swift in Sources */,
				BAB8244C2C4BF86A000BF31A /* RegisterModel.swift in Sources */,
			);
			runOnlyForDeploymentPostprocessing = 0;
		};
		BA890D122C4BAA2D00C6D2E6 /* Sources */ = {
			isa = PBXSourcesBuildPhase;
			buildActionMask = 2147483647;
			files = (
				BA890D1B2C4BAA2D00C6D2E6 /* FinanceManagerTests.swift in Sources */,
			);
			runOnlyForDeploymentPostprocessing = 0;
		};
		BA890D1C2C4BAA2D00C6D2E6 /* Sources */ = {
			isa = PBXSourcesBuildPhase;
			buildActionMask = 2147483647;
			files = (
				BA890D252C4BAA2D00C6D2E6 /* FinanceManagerUITests.swift in Sources */,
				BA890D272C4BAA2D00C6D2E6 /* FinanceManagerUITestsLaunchTests.swift in Sources */,
			);
			runOnlyForDeploymentPostprocessing = 0;
		};
/* End PBXSourcesBuildPhase section */

/* Begin PBXTargetDependency section */
		BA890D182C4BAA2D00C6D2E6 /* PBXTargetDependency */ = {
			isa = PBXTargetDependency;
			target = BA890D052C4BAA2C00C6D2E6 /* FinanceManager */;
			targetProxy = BA890D172C4BAA2D00C6D2E6 /* PBXContainerItemProxy */;
		};
		BA890D222C4BAA2D00C6D2E6 /* PBXTargetDependency */ = {
			isa = PBXTargetDependency;
			target = BA890D052C4BAA2C00C6D2E6 /* FinanceManager */;
			targetProxy = BA890D212C4BAA2D00C6D2E6 /* PBXContainerItemProxy */;
		};
/* End PBXTargetDependency section */

/* Begin XCBuildConfiguration section */
		BA890D282C4BAA2D00C6D2E6 /* Debug */ = {
			isa = XCBuildConfiguration;
			buildSettings = {
				ALWAYS_SEARCH_USER_PATHS = NO;
				ASSETCATALOG_COMPILER_GENERATE_SWIFT_ASSET_SYMBOL_EXTENSIONS = YES;
				CLANG_ANALYZER_NONNULL = YES;
				CLANG_ANALYZER_NUMBER_OBJECT_CONVERSION = YES_AGGRESSIVE;
				CLANG_CXX_LANGUAGE_STANDARD = "gnu++20";
				CLANG_ENABLE_MODULES = YES;
				CLANG_ENABLE_OBJC_ARC = YES;
				CLANG_ENABLE_OBJC_WEAK = YES;
				CLANG_WARN_BLOCK_CAPTURE_AUTORELEASING = YES;
				CLANG_WARN_BOOL_CONVERSION = YES;
				CLANG_WARN_COMMA = YES;
				CLANG_WARN_CONSTANT_CONVERSION = YES;
				CLANG_WARN_DEPRECATED_OBJC_IMPLEMENTATIONS = YES;
				CLANG_WARN_DIRECT_OBJC_ISA_USAGE = YES_ERROR;
				CLANG_WARN_DOCUMENTATION_COMMENTS = YES;
				CLANG_WARN_EMPTY_BODY = YES;
				CLANG_WARN_ENUM_CONVERSION = YES;
				CLANG_WARN_INFINITE_RECURSION = YES;
				CLANG_WARN_INT_CONVERSION = YES;
				CLANG_WARN_NON_LITERAL_NULL_CONVERSION = YES;
				CLANG_WARN_OBJC_IMPLICIT_RETAIN_SELF = YES;
				CLANG_WARN_OBJC_LITERAL_CONVERSION = YES;
				CLANG_WARN_OBJC_ROOT_CLASS = YES_ERROR;
				CLANG_WARN_QUOTED_INCLUDE_IN_FRAMEWORK_HEADER = YES;
				CLANG_WARN_RANGE_LOOP_ANALYSIS = YES;
				CLANG_WARN_STRICT_PROTOTYPES = YES;
				CLANG_WARN_SUSPICIOUS_MOVE = YES;
				CLANG_WARN_UNGUARDED_AVAILABILITY = YES_AGGRESSIVE;
				CLANG_WARN_UNREACHABLE_CODE = YES;
				CLANG_WARN__DUPLICATE_METHOD_MATCH = YES;
				COPY_PHASE_STRIP = NO;
				DEBUG_INFORMATION_FORMAT = dwarf;
				ENABLE_STRICT_OBJC_MSGSEND = YES;
				ENABLE_TESTABILITY = YES;
				ENABLE_USER_SCRIPT_SANDBOXING = YES;
				GCC_C_LANGUAGE_STANDARD = gnu17;
				GCC_DYNAMIC_NO_PIC = NO;
				GCC_NO_COMMON_BLOCKS = YES;
				GCC_OPTIMIZATION_LEVEL = 0;
				GCC_PREPROCESSOR_DEFINITIONS = (
					"DEBUG=1",
					"$(inherited)",
				);
				GCC_WARN_64_TO_32_BIT_CONVERSION = YES;
				GCC_WARN_ABOUT_RETURN_TYPE = YES_ERROR;
				GCC_WARN_UNDECLARED_SELECTOR = YES;
				GCC_WARN_UNINITIALIZED_AUTOS = YES_AGGRESSIVE;
				GCC_WARN_UNUSED_FUNCTION = YES;
				GCC_WARN_UNUSED_VARIABLE = YES;
				IPHONEOS_DEPLOYMENT_TARGET = 17.0;
				LOCALIZATION_PREFERS_STRING_CATALOGS = YES;
				MTL_ENABLE_DEBUG_INFO = INCLUDE_SOURCE;
				MTL_FAST_MATH = YES;
				ONLY_ACTIVE_ARCH = YES;
				SDKROOT = iphoneos;
				SWIFT_ACTIVE_COMPILATION_CONDITIONS = "DEBUG $(inherited)";
				SWIFT_OPTIMIZATION_LEVEL = "-Onone";
			};
			name = Debug;
		};
		BA890D292C4BAA2D00C6D2E6 /* Release */ = {
			isa = XCBuildConfiguration;
			buildSettings = {
				ALWAYS_SEARCH_USER_PATHS = NO;
				ASSETCATALOG_COMPILER_GENERATE_SWIFT_ASSET_SYMBOL_EXTENSIONS = YES;
				CLANG_ANALYZER_NONNULL = YES;
				CLANG_ANALYZER_NUMBER_OBJECT_CONVERSION = YES_AGGRESSIVE;
				CLANG_CXX_LANGUAGE_STANDARD = "gnu++20";
				CLANG_ENABLE_MODULES = YES;
				CLANG_ENABLE_OBJC_ARC = YES;
				CLANG_ENABLE_OBJC_WEAK = YES;
				CLANG_WARN_BLOCK_CAPTURE_AUTORELEASING = YES;
				CLANG_WARN_BOOL_CONVERSION = YES;
				CLANG_WARN_COMMA = YES;
				CLANG_WARN_CONSTANT_CONVERSION = YES;
				CLANG_WARN_DEPRECATED_OBJC_IMPLEMENTATIONS = YES;
				CLANG_WARN_DIRECT_OBJC_ISA_USAGE = YES_ERROR;
				CLANG_WARN_DOCUMENTATION_COMMENTS = YES;
				CLANG_WARN_EMPTY_BODY = YES;
				CLANG_WARN_ENUM_CONVERSION = YES;
				CLANG_WARN_INFINITE_RECURSION = YES;
				CLANG_WARN_INT_CONVERSION = YES;
				CLANG_WARN_NON_LITERAL_NULL_CONVERSION = YES;
				CLANG_WARN_OBJC_IMPLICIT_RETAIN_SELF = YES;
				CLANG_WARN_OBJC_LITERAL_CONVERSION = YES;
				CLANG_WARN_OBJC_ROOT_CLASS = YES_ERROR;
				CLANG_WARN_QUOTED_INCLUDE_IN_FRAMEWORK_HEADER = YES;
				CLANG_WARN_RANGE_LOOP_ANALYSIS = YES;
				CLANG_WARN_STRICT_PROTOTYPES = YES;
				CLANG_WARN_SUSPICIOUS_MOVE = YES;
				CLANG_WARN_UNGUARDED_AVAILABILITY = YES_AGGRESSIVE;
				CLANG_WARN_UNREACHABLE_CODE = YES;
				CLANG_WARN__DUPLICATE_METHOD_MATCH = YES;
				COPY_PHASE_STRIP = NO;
				DEBUG_INFORMATION_FORMAT = "dwarf-with-dsym";
				ENABLE_NS_ASSERTIONS = NO;
				ENABLE_STRICT_OBJC_MSGSEND = YES;
				ENABLE_USER_SCRIPT_SANDBOXING = YES;
				GCC_C_LANGUAGE_STANDARD = gnu17;
				GCC_NO_COMMON_BLOCKS = YES;
				GCC_WARN_64_TO_32_BIT_CONVERSION = YES;
				GCC_WARN_ABOUT_RETURN_TYPE = YES_ERROR;
				GCC_WARN_UNDECLARED_SELECTOR = YES;
				GCC_WARN_UNINITIALIZED_AUTOS = YES_AGGRESSIVE;
				GCC_WARN_UNUSED_FUNCTION = YES;
				GCC_WARN_UNUSED_VARIABLE = YES;
				IPHONEOS_DEPLOYMENT_TARGET = 17.0;
				LOCALIZATION_PREFERS_STRING_CATALOGS = YES;
				MTL_ENABLE_DEBUG_INFO = NO;
				MTL_FAST_MATH = YES;
				SDKROOT = iphoneos;
				SWIFT_COMPILATION_MODE = wholemodule;
				VALIDATE_PRODUCT = YES;
			};
			name = Release;
		};
		BA890D2B2C4BAA2D00C6D2E6 /* Debug */ = {
			isa = XCBuildConfiguration;
			buildSettings = {
				ASSETCATALOG_COMPILER_APPICON_NAME = AppIcon;
				ASSETCATALOG_COMPILER_GLOBAL_ACCENT_COLOR_NAME = AccentColor;
				CODE_SIGN_STYLE = Automatic;
				CURRENT_PROJECT_VERSION = 1;
				DEVELOPMENT_ASSET_PATHS = "\"FinanceManager/Preview Content\"";
				DEVELOPMENT_TEAM = 69Y6J68ALW;
				ENABLE_PREVIEWS = YES;
				GENERATE_INFOPLIST_FILE = YES;
				INFOPLIST_KEY_UIApplicationSceneManifest_Generation = YES;
				INFOPLIST_KEY_UIApplicationSupportsIndirectInputEvents = YES;
				INFOPLIST_KEY_UILaunchScreen_Generation = YES;
				INFOPLIST_KEY_UISupportedInterfaceOrientations_iPad = "UIInterfaceOrientationPortrait UIInterfaceOrientationPortraitUpsideDown UIInterfaceOrientationLandscapeLeft UIInterfaceOrientationLandscapeRight";
				INFOPLIST_KEY_UISupportedInterfaceOrientations_iPhone = "UIInterfaceOrientationPortrait UIInterfaceOrientationLandscapeLeft UIInterfaceOrientationLandscapeRight";
				IPHONEOS_DEPLOYMENT_TARGET = 17.0;
				LD_RUNPATH_SEARCH_PATHS = (
					"$(inherited)",
					"@executable_path/Frameworks",
				);
				MARKETING_VERSION = 1.0;
				PRODUCT_BUNDLE_IDENTIFIER = "volrik.finance-manager";
				PRODUCT_NAME = "$(TARGET_NAME)";
				SWIFT_EMIT_LOC_STRINGS = YES;
				SWIFT_VERSION = 5.0;
				TARGETED_DEVICE_FAMILY = "1,2";
			};
			name = Debug;
		};
		BA890D2C2C4BAA2D00C6D2E6 /* Release */ = {
			isa = XCBuildConfiguration;
			buildSettings = {
				ASSETCATALOG_COMPILER_APPICON_NAME = AppIcon;
				ASSETCATALOG_COMPILER_GLOBAL_ACCENT_COLOR_NAME = AccentColor;
				CODE_SIGN_STYLE = Automatic;
				CURRENT_PROJECT_VERSION = 1;
				DEVELOPMENT_ASSET_PATHS = "\"FinanceManager/Preview Content\"";
				DEVELOPMENT_TEAM = 69Y6J68ALW;
				ENABLE_PREVIEWS = YES;
				GENERATE_INFOPLIST_FILE = YES;
				INFOPLIST_KEY_UIApplicationSceneManifest_Generation = YES;
				INFOPLIST_KEY_UIApplicationSupportsIndirectInputEvents = YES;
				INFOPLIST_KEY_UILaunchScreen_Generation = YES;
				INFOPLIST_KEY_UISupportedInterfaceOrientations_iPad = "UIInterfaceOrientationPortrait UIInterfaceOrientationPortraitUpsideDown UIInterfaceOrientationLandscapeLeft UIInterfaceOrientationLandscapeRight";
				INFOPLIST_KEY_UISupportedInterfaceOrientations_iPhone = "UIInterfaceOrientationPortrait UIInterfaceOrientationLandscapeLeft UIInterfaceOrientationLandscapeRight";
				IPHONEOS_DEPLOYMENT_TARGET = 17.0;
				LD_RUNPATH_SEARCH_PATHS = (
					"$(inherited)",
					"@executable_path/Frameworks",
				);
				MARKETING_VERSION = 1.0;
				PRODUCT_BUNDLE_IDENTIFIER = "volrik.finance-manager";
				PRODUCT_NAME = "$(TARGET_NAME)";
				SWIFT_EMIT_LOC_STRINGS = YES;
				SWIFT_VERSION = 5.0;
				TARGETED_DEVICE_FAMILY = "1,2";
			};
			name = Release;
		};
		BA890D2E2C4BAA2D00C6D2E6 /* Debug */ = {
			isa = XCBuildConfiguration;
			buildSettings = {
				ALWAYS_EMBED_SWIFT_STANDARD_LIBRARIES = YES;
				BUNDLE_LOADER = "$(TEST_HOST)";
				CODE_SIGN_STYLE = Automatic;
				CURRENT_PROJECT_VERSION = 1;
				DEVELOPMENT_TEAM = 69Y6J68ALW;
				GENERATE_INFOPLIST_FILE = YES;
				IPHONEOS_DEPLOYMENT_TARGET = 17.0;
				MARKETING_VERSION = 1.0;
				PRODUCT_BUNDLE_IDENTIFIER = volrik.FinanceManagerTests;
				PRODUCT_NAME = "$(TARGET_NAME)";
				SWIFT_EMIT_LOC_STRINGS = NO;
				SWIFT_VERSION = 5.0;
				TARGETED_DEVICE_FAMILY = "1,2";
				TEST_HOST = "$(BUILT_PRODUCTS_DIR)/FinanceManager.app/$(BUNDLE_EXECUTABLE_FOLDER_PATH)/FinanceManager";
			};
			name = Debug;
		};
		BA890D2F2C4BAA2D00C6D2E6 /* Release */ = {
			isa = XCBuildConfiguration;
			buildSettings = {
				ALWAYS_EMBED_SWIFT_STANDARD_LIBRARIES = YES;
				BUNDLE_LOADER = "$(TEST_HOST)";
				CODE_SIGN_STYLE = Automatic;
				CURRENT_PROJECT_VERSION = 1;
				DEVELOPMENT_TEAM = 69Y6J68ALW;
				GENERATE_INFOPLIST_FILE = YES;
				IPHONEOS_DEPLOYMENT_TARGET = 17.0;
				MARKETING_VERSION = 1.0;
				PRODUCT_BUNDLE_IDENTIFIER = volrik.FinanceManagerTests;
				PRODUCT_NAME = "$(TARGET_NAME)";
				SWIFT_EMIT_LOC_STRINGS = NO;
				SWIFT_VERSION = 5.0;
				TARGETED_DEVICE_FAMILY = "1,2";
				TEST_HOST = "$(BUILT_PRODUCTS_DIR)/FinanceManager.app/$(BUNDLE_EXECUTABLE_FOLDER_PATH)/FinanceManager";
			};
			name = Release;
		};
		BA890D312C4BAA2D00C6D2E6 /* Debug */ = {
			isa = XCBuildConfiguration;
			buildSettings = {
				ALWAYS_EMBED_SWIFT_STANDARD_LIBRARIES = YES;
				CODE_SIGN_STYLE = Automatic;
				CURRENT_PROJECT_VERSION = 1;
				DEVELOPMENT_TEAM = 69Y6J68ALW;
				GENERATE_INFOPLIST_FILE = YES;
				MARKETING_VERSION = 1.0;
				PRODUCT_BUNDLE_IDENTIFIER = volrik.FinanceManagerUITests;
				PRODUCT_NAME = "$(TARGET_NAME)";
				SWIFT_EMIT_LOC_STRINGS = NO;
				SWIFT_VERSION = 5.0;
				TARGETED_DEVICE_FAMILY = "1,2";
				TEST_TARGET_NAME = FinanceManager;
			};
			name = Debug;
		};
		BA890D322C4BAA2D00C6D2E6 /* Release */ = {
			isa = XCBuildConfiguration;
			buildSettings = {
				ALWAYS_EMBED_SWIFT_STANDARD_LIBRARIES = YES;
				CODE_SIGN_STYLE = Automatic;
				CURRENT_PROJECT_VERSION = 1;
				DEVELOPMENT_TEAM = 69Y6J68ALW;
				GENERATE_INFOPLIST_FILE = YES;
				MARKETING_VERSION = 1.0;
				PRODUCT_BUNDLE_IDENTIFIER = volrik.FinanceManagerUITests;
				PRODUCT_NAME = "$(TARGET_NAME)";
				SWIFT_EMIT_LOC_STRINGS = NO;
				SWIFT_VERSION = 5.0;
				TARGETED_DEVICE_FAMILY = "1,2";
				TEST_TARGET_NAME = FinanceManager;
			};
			name = Release;
		};
/* End XCBuildConfiguration section */

/* Begin XCConfigurationList section */
		BA890D012C4BAA2C00C6D2E6 /* Build configuration list for PBXProject "FinanceManager" */ = {
			isa = XCConfigurationList;
			buildConfigurations = (
				BA890D282C4BAA2D00C6D2E6 /* Debug */,
				BA890D292C4BAA2D00C6D2E6 /* Release */,
			);
			defaultConfigurationIsVisible = 0;
			defaultConfigurationName = Release;
		};
		BA890D2A2C4BAA2D00C6D2E6 /* Build configuration list for PBXNativeTarget "FinanceManager" */ = {
			isa = XCConfigurationList;
			buildConfigurations = (
				BA890D2B2C4BAA2D00C6D2E6 /* Debug */,
				BA890D2C2C4BAA2D00C6D2E6 /* Release */,
			);
			defaultConfigurationIsVisible = 0;
			defaultConfigurationName = Release;
		};
		BA890D2D2C4BAA2D00C6D2E6 /* Build configuration list for PBXNativeTarget "FinanceManagerTests" */ = {
			isa = XCConfigurationList;
			buildConfigurations = (
				BA890D2E2C4BAA2D00C6D2E6 /* Debug */,
				BA890D2F2C4BAA2D00C6D2E6 /* Release */,
			);
			defaultConfigurationIsVisible = 0;
			defaultConfigurationName = Release;
		};
		BA890D302C4BAA2D00C6D2E6 /* Build configuration list for PBXNativeTarget "FinanceManagerUITests" */ = {
			isa = XCConfigurationList;
			buildConfigurations = (
				BA890D312C4BAA2D00C6D2E6 /* Debug */,
				BA890D322C4BAA2D00C6D2E6 /* Release */,
			);
			defaultConfigurationIsVisible = 0;
			defaultConfigurationName = Release;
		};
/* End XCConfigurationList section */

/* Begin XCRemoteSwiftPackageReference section */
		BA890D352C4BB33600C6D2E6 /* XCRemoteSwiftPackageReference "firebase-ios-sdk" */ = {
			isa = XCRemoteSwiftPackageReference;
			repositoryURL = "https://github.com/firebase/firebase-ios-sdk";
			requirement = {
				kind = upToNextMajorVersion;
				minimumVersion = 10.29.0;
			};
		};
/* End XCRemoteSwiftPackageReference section */

/* Begin XCSwiftPackageProductDependency section */
		BA890D362C4BB33600C6D2E6 /* FirebaseAnalytics */ = {
			isa = XCSwiftPackageProductDependency;
			package = BA890D352C4BB33600C6D2E6 /* XCRemoteSwiftPackageReference "firebase-ios-sdk" */;
			productName = FirebaseAnalytics;
		};
		BA890D382C4BB33600C6D2E6 /* FirebaseAuth */ = {
			isa = XCSwiftPackageProductDependency;
			package = BA890D352C4BB33600C6D2E6 /* XCRemoteSwiftPackageReference "firebase-ios-sdk" */;
			productName = FirebaseAuth;
		};
		BA890D3A2C4BB33600C6D2E6 /* FirebaseCrashlytics */ = {
			isa = XCSwiftPackageProductDependency;
			package = BA890D352C4BB33600C6D2E6 /* XCRemoteSwiftPackageReference "firebase-ios-sdk" */;
			productName = FirebaseCrashlytics;
		};
		BA890D3C2C4BB33600C6D2E6 /* FirebaseFirestore */ = {
			isa = XCSwiftPackageProductDependency;
			package = BA890D352C4BB33600C6D2E6 /* XCRemoteSwiftPackageReference "firebase-ios-sdk" */;
			productName = FirebaseFirestore;
		};
/* End XCSwiftPackageProductDependency section */
	};
	rootObject = BA890CFE2C4BAA2C00C6D2E6 /* Project object */;
}
